
Microsoft Visual Studio Solution File, Format Version 12.00
# Visual Studio Version 16
VisualStudioVersion = 16.0.31402.337
MinimumVisualStudioVersion = 10.0.40219.1
Project("{9092AA53-FB77-4645-B42D-1CCCA6BD08BD}") = "discordimageserver", "discordimageserver.njsproj", "{69780B62-CBB3-4C36-97A9-DF13F39F6B1C}"
EndProject
Global
	GlobalSection(SolutionConfigurationPlatforms) = preSolution
		Debug|Any CPU = Debug|Any CPU
		Release|Any CPU = Release|Any CPU
	EndGlobalSection
	GlobalSection(ProjectConfigurationPlatforms) = postSolution
		{69780B62-CBB3-4C36-97A9-DF13F39F6B1C}.Debug|Any CPU.ActiveCfg = Debug|Any CPU
		{69780B62-CBB3-4C36-97A9-DF13F39F6B1C}.Debug|Any CPU.Build.0 = Debug|Any CPU
		{69780B62-CBB3-4C36-97A9-DF13F39F6B1C}.Release|Any CPU.ActiveCfg = Release|Any CPU
		{69780B62-CBB3-4C36-97A9-DF13F39F6B1C}.Release|Any CPU.Build.0 = Release|Any CPU
	EndGlobalSection
	GlobalSection(SolutionProperties) = preSolution
		HideSolutionNode = FALSE
	EndGlobalSection
	GlobalSection(ExtensibilityGlobals) = postSolution
		SolutionGuid = {E3DB1B85-36D9-4F6C-A034-554E97024C91}
	EndGlobalSection
EndGlobal
